// !$*UTF8*$!
{
	archiveVersion = 1;
	classes = {
	};
	objectVersion = 52;
	objects = {

/* Begin PBXBuildFile section */
		7A64899029F0113700868438 /* MainController.swift in Sources */ = {isa = PBXBuildFile; fileRef = 7A64898E29F0113700868438 /* MainController.swift */; };
		7A64899129F0113700868438 /* MainController.xib in Resources */ = {isa = PBXBuildFile; fileRef = 7A64898F29F0113700868438 /* MainController.xib */; };
		7A64899529F0116700868438 /* MainViewCell.swift in Sources */ = {isa = PBXBuildFile; fileRef = 7A64899329F0116700868438 /* MainViewCell.swift */; };
		7A64899629F0116700868438 /* MainViewCell.xib in Resources */ = {isa = PBXBuildFile; fileRef = 7A64899429F0116700868438 /* MainViewCell.xib */; };
		7A64899929F0119300868438 /* DetailController.swift in Sources */ = {isa = PBXBuildFile; fileRef = 7A64899729F0119300868438 /* DetailController.swift */; };
		7A64899A29F0119300868438 /* DetailController.xib in Resources */ = {isa = PBXBuildFile; fileRef = 7A64899829F0119300868438 /* DetailController.xib */; };
		7A6489A329F012D400868438 /* InitialViewController.swift in Sources */ = {isa = PBXBuildFile; fileRef = 7A6489A129F012D400868438 /* InitialViewController.swift */; };
		7A6489A429F012D400868438 /* InitialViewController.xib in Resources */ = {isa = PBXBuildFile; fileRef = 7A6489A229F012D400868438 /* InitialViewController.xib */; };
		7A6489A629F016B000868438 /* MainDataSource.swift in Sources */ = {isa = PBXBuildFile; fileRef = 7A6489A529F016B000868438 /* MainDataSource.swift */; };
		7A6489A829F016FE00868438 /* MainCellModel.swift in Sources */ = {isa = PBXBuildFile; fileRef = 7A6489A729F016FE00868438 /* MainCellModel.swift */; };
		7A6489AC29F0202200868438 /* DetailViewCell.swift in Sources */ = {isa = PBXBuildFile; fileRef = 7A6489AA29F0202200868438 /* DetailViewCell.swift */; };
		7A6489AD29F0202200868438 /* DetailViewCell.xib in Resources */ = {isa = PBXBuildFile; fileRef = 7A6489AB29F0202200868438 /* DetailViewCell.xib */; };
		7A6489B629F0205B00868438 /* DetailDescriptionCell.swift in Sources */ = {isa = PBXBuildFile; fileRef = 7A6489B429F0205B00868438 /* DetailDescriptionCell.swift */; };
		7A6489B729F0205B00868438 /* DetailDescriptionCell.xib in Resources */ = {isa = PBXBuildFile; fileRef = 7A6489B529F0205B00868438 /* DetailDescriptionCell.xib */; };
		7A6489BB29F0208100868438 /* DetailActionCell.swift in Sources */ = {isa = PBXBuildFile; fileRef = 7A6489B929F0208100868438 /* DetailActionCell.swift */; };
		7A6489BC29F0208100868438 /* DetailActionCell.xib in Resources */ = {isa = PBXBuildFile; fileRef = 7A6489BA29F0208100868438 /* DetailActionCell.xib */; };
		7A6489BE29F020A200868438 /* DetailPresenter.swift in Sources */ = {isa = PBXBuildFile; fileRef = 7A6489BD29F020A200868438 /* DetailPresenter.swift */; };
		7A6489C029F0215D00868438 /* DetailDataSource.swift in Sources */ = {isa = PBXBuildFile; fileRef = 7A6489BF29F0215D00868438 /* DetailDataSource.swift */; };
		7A6489C429F025F700868438 /* DetailDescriptionCellModel.swift in Sources */ = {isa = PBXBuildFile; fileRef = 7A6489C329F025F700868438 /* DetailDescriptionCellModel.swift */; };
		7A6489C629F0280600868438 /* MainPresenter.swift in Sources */ = {isa = PBXBuildFile; fileRef = 7A6489C529F0280600868438 /* MainPresenter.swift */; };
		7A6489C829F02F9E00868438 /* DetailViewCellModel.swift in Sources */ = {isa = PBXBuildFile; fileRef = 7A6489C729F02F9E00868438 /* DetailViewCellModel.swift */; };
		7A6489CA29F0487E00868438 /* DetailActionCellModel.swift in Sources */ = {isa = PBXBuildFile; fileRef = 7A6489C929F0487E00868438 /* DetailActionCellModel.swift */; };
		7A6489CC29F05FB000868438 /* RandomUpdater.swift in Sources */ = {isa = PBXBuildFile; fileRef = 7A6489CB29F05FB000868438 /* RandomUpdater.swift */; };
		7AEB490129DCC1940094FF68 /* GraphicLB in Frameworks */ = {isa = PBXBuildFile; productRef = 7AEB490029DCC1940094FF68 /* GraphicLB */; };
		9BE52ACD220D8BC700C00732 /* AppDelegate.swift in Sources */ = {isa = PBXBuildFile; fileRef = 9BE52ACC220D8BC700C00732 /* AppDelegate.swift */; };
		9BE52ACF220D8BC700C00732 /* ViewController.swift in Sources */ = {isa = PBXBuildFile; fileRef = 9BE52ACE220D8BC700C00732 /* ViewController.swift */; };
		9BE52AD2220D8BC700C00732 /* Main.storyboard in Resources */ = {isa = PBXBuildFile; fileRef = 9BE52AD0220D8BC700C00732 /* Main.storyboard */; };
		9BE52AD4220D8BC900C00732 /* Assets.xcassets in Resources */ = {isa = PBXBuildFile; fileRef = 9BE52AD3220D8BC900C00732 /* Assets.xcassets */; };
		9BE52AD7220D8BC900C00732 /* LaunchScreen.storyboard in Resources */ = {isa = PBXBuildFile; fileRef = 9BE52AD5220D8BC900C00732 /* LaunchScreen.storyboard */; };
		ED54C21127B57CFC002C4F1F /* AudioHelper.swift in Sources */ = {isa = PBXBuildFile; fileRef = ED54C21027B57CFC002C4F1F /* AudioHelper.swift */; };
/* End PBXBuildFile section */

/* Begin PBXFileReference section */
		7A64898E29F0113700868438 /* MainController.swift */ = {isa = PBXFileReference; lastKnownFileType = sourcecode.swift; path = MainController.swift; sourceTree = "<group>"; };
		7A64898F29F0113700868438 /* MainController.xib */ = {isa = PBXFileReference; lastKnownFileType = file.xib; path = MainController.xib; sourceTree = "<group>"; };
		7A64899329F0116700868438 /* MainViewCell.swift */ = {isa = PBXFileReference; lastKnownFileType = sourcecode.swift; path = MainViewCell.swift; sourceTree = "<group>"; };
		7A64899429F0116700868438 /* MainViewCell.xib */ = {isa = PBXFileReference; lastKnownFileType = file.xib; path = MainViewCell.xib; sourceTree = "<group>"; };
		7A64899729F0119300868438 /* DetailController.swift */ = {isa = PBXFileReference; lastKnownFileType = sourcecode.swift; path = DetailController.swift; sourceTree = "<group>"; };
		7A64899829F0119300868438 /* DetailController.xib */ = {isa = PBXFileReference; lastKnownFileType = file.xib; path = DetailController.xib; sourceTree = "<group>"; };
		7A6489A129F012D400868438 /* InitialViewController.swift */ = {isa = PBXFileReference; lastKnownFileType = sourcecode.swift; path = InitialViewController.swift; sourceTree = "<group>"; };
		7A6489A229F012D400868438 /* InitialViewController.xib */ = {isa = PBXFileReference; lastKnownFileType = file.xib; path = InitialViewController.xib; sourceTree = "<group>"; };
		7A6489A529F016B000868438 /* MainDataSource.swift */ = {isa = PBXFileReference; lastKnownFileType = sourcecode.swift; path = MainDataSource.swift; sourceTree = "<group>"; };
		7A6489A729F016FE00868438 /* MainCellModel.swift */ = {isa = PBXFileReference; lastKnownFileType = sourcecode.swift; path = MainCellModel.swift; sourceTree = "<group>"; };
		7A6489AA29F0202200868438 /* DetailViewCell.swift */ = {isa = PBXFileReference; lastKnownFileType = sourcecode.swift; path = DetailViewCell.swift; sourceTree = "<group>"; };
		7A6489AB29F0202200868438 /* DetailViewCell.xib */ = {isa = PBXFileReference; lastKnownFileType = file.xib; path = DetailViewCell.xib; sourceTree = "<group>"; };
		7A6489B429F0205B00868438 /* DetailDescriptionCell.swift */ = {isa = PBXFileReference; lastKnownFileType = sourcecode.swift; path = DetailDescriptionCell.swift; sourceTree = "<group>"; };
		7A6489B529F0205B00868438 /* DetailDescriptionCell.xib */ = {isa = PBXFileReference; lastKnownFileType = file.xib; path = DetailDescriptionCell.xib; sourceTree = "<group>"; };
		7A6489B929F0208100868438 /* DetailActionCell.swift */ = {isa = PBXFileReference; lastKnownFileType = sourcecode.swift; path = DetailActionCell.swift; sourceTree = "<group>"; };
		7A6489BA29F0208100868438 /* DetailActionCell.xib */ = {isa = PBXFileReference; lastKnownFileType = file.xib; path = DetailActionCell.xib; sourceTree = "<group>"; };
		7A6489BD29F020A200868438 /* DetailPresenter.swift */ = {isa = PBXFileReference; lastKnownFileType = sourcecode.swift; path = DetailPresenter.swift; sourceTree = "<group>"; };
		7A6489BF29F0215D00868438 /* DetailDataSource.swift */ = {isa = PBXFileReference; lastKnownFileType = sourcecode.swift; path = DetailDataSource.swift; sourceTree = "<group>"; };
		7A6489C329F025F700868438 /* DetailDescriptionCellModel.swift */ = {isa = PBXFileReference; lastKnownFileType = sourcecode.swift; path = DetailDescriptionCellModel.swift; sourceTree = "<group>"; };
		7A6489C529F0280600868438 /* MainPresenter.swift */ = {isa = PBXFileReference; lastKnownFileType = sourcecode.swift; path = MainPresenter.swift; sourceTree = "<group>"; };
		7A6489C729F02F9E00868438 /* DetailViewCellModel.swift */ = {isa = PBXFileReference; lastKnownFileType = sourcecode.swift; path = DetailViewCellModel.swift; sourceTree = "<group>"; };
		7A6489C929F0487E00868438 /* DetailActionCellModel.swift */ = {isa = PBXFileReference; lastKnownFileType = sourcecode.swift; path = DetailActionCellModel.swift; sourceTree = "<group>"; };
		7A6489CB29F05FB000868438 /* RandomUpdater.swift */ = {isa = PBXFileReference; lastKnownFileType = sourcecode.swift; path = RandomUpdater.swift; sourceTree = "<group>"; };
		7ACB754929DCA916003ED4A0 /* GraphicLB */ = {isa = PBXFileReference; lastKnownFileType = wrapper; name = GraphicLB; path = ../Libs/GraphicLB; sourceTree = "<group>"; };
		9BE52AC9220D8BC700C00732 /* GraphicMotionApplication.app */ = {isa = PBXFileReference; explicitFileType = wrapper.application; includeInIndex = 0; path = GraphicMotionApplication.app; sourceTree = BUILT_PRODUCTS_DIR; };
		9BE52ACC220D8BC700C00732 /* AppDelegate.swift */ = {isa = PBXFileReference; lastKnownFileType = sourcecode.swift; path = AppDelegate.swift; sourceTree = "<group>"; };
		9BE52ACE220D8BC700C00732 /* ViewController.swift */ = {isa = PBXFileReference; lastKnownFileType = sourcecode.swift; path = ViewController.swift; sourceTree = "<group>"; };
		9BE52AD1220D8BC700C00732 /* Base */ = {isa = PBXFileReference; lastKnownFileType = file.storyboard; name = Base; path = Base.lproj/Main.storyboard; sourceTree = "<group>"; };
		9BE52AD3220D8BC900C00732 /* Assets.xcassets */ = {isa = PBXFileReference; lastKnownFileType = folder.assetcatalog; path = Assets.xcassets; sourceTree = "<group>"; };
		9BE52AD6220D8BC900C00732 /* Base */ = {isa = PBXFileReference; lastKnownFileType = file.storyboard; name = Base; path = Base.lproj/LaunchScreen.storyboard; sourceTree = "<group>"; };
		9BE52AD8220D8BC900C00732 /* Info.plist */ = {isa = PBXFileReference; lastKnownFileType = text.plist.xml; path = Info.plist; sourceTree = "<group>"; };
		ED54C21027B57CFC002C4F1F /* AudioHelper.swift */ = {isa = PBXFileReference; lastKnownFileType = sourcecode.swift; path = AudioHelper.swift; sourceTree = "<group>"; };
/* End PBXFileReference section */

/* Begin PBXFrameworksBuildPhase section */
		9BE52AC6220D8BC700C00732 /* Frameworks */ = {
			isa = PBXFrameworksBuildPhase;
			buildActionMask = 2147483647;
			files = (
				7AEB490129DCC1940094FF68 /* GraphicLB in Frameworks */,
			);
			runOnlyForDeploymentPostprocessing = 0;
		};
/* End PBXFrameworksBuildPhase section */

/* Begin PBXGroup section */
		7A64898C29F010D400868438 /* main */ = {
			isa = PBXGroup;
			children = (
				7A64899229F0114200868438 /* Cell */,
				7A6489C529F0280600868438 /* MainPresenter.swift */,
				7A64898E29F0113700868438 /* MainController.swift */,
				7A64898F29F0113700868438 /* MainController.xib */,
				7A6489A529F016B000868438 /* MainDataSource.swift */,
			);
			path = main;
			sourceTree = "<group>";
		};
		7A64898D29F010DB00868438 /* detail */ = {
			isa = PBXGroup;
			children = (
				7A64899B29F0119D00868438 /* Cell */,
				7A6489BD29F020A200868438 /* DetailPresenter.swift */,
				7A64899729F0119300868438 /* DetailController.swift */,
				7A64899829F0119300868438 /* DetailController.xib */,
				7A6489BF29F0215D00868438 /* DetailDataSource.swift */,
			);
			path = detail;
			sourceTree = "<group>";
		};
		7A64899229F0114200868438 /* Cell */ = {
			isa = PBXGroup;
			children = (
				7A64899329F0116700868438 /* MainViewCell.swift */,
				7A64899429F0116700868438 /* MainViewCell.xib */,
				7A6489A729F016FE00868438 /* MainCellModel.swift */,
			);
			path = Cell;
			sourceTree = "<group>";
		};
		7A64899B29F0119D00868438 /* Cell */ = {
			isa = PBXGroup;
			children = (
				7A6489B829F0205E00868438 /* DetailActionCell */,
				7A6489B329F0204100868438 /* DetailDescriiptionCell */,
				7A6489A929F0200200868438 /* DetailViewCell */,
			);
			path = Cell;
			sourceTree = "<group>";
		};
		7A6489A029F012B900868438 /* initial */ = {
			isa = PBXGroup;
			children = (
				7A6489A129F012D400868438 /* InitialViewController.swift */,
				7A6489A229F012D400868438 /* InitialViewController.xib */,
			);
			path = initial;
			sourceTree = "<group>";
		};
		7A6489A929F0200200868438 /* DetailViewCell */ = {
			isa = PBXGroup;
			children = (
				7A6489AA29F0202200868438 /* DetailViewCell.swift */,
				7A6489AB29F0202200868438 /* DetailViewCell.xib */,
				7A6489C729F02F9E00868438 /* DetailViewCellModel.swift */,
			);
			path = DetailViewCell;
			sourceTree = "<group>";
		};
		7A6489B329F0204100868438 /* DetailDescriiptionCell */ = {
			isa = PBXGroup;
			children = (
				7A6489B429F0205B00868438 /* DetailDescriptionCell.swift */,
				7A6489B529F0205B00868438 /* DetailDescriptionCell.xib */,
				7A6489C329F025F700868438 /* DetailDescriptionCellModel.swift */,
			);
			path = DetailDescriiptionCell;
			sourceTree = "<group>";
		};
		7A6489B829F0205E00868438 /* DetailActionCell */ = {
			isa = PBXGroup;
			children = (
				7A6489B929F0208100868438 /* DetailActionCell.swift */,
				7A6489BA29F0208100868438 /* DetailActionCell.xib */,
				7A6489C929F0487E00868438 /* DetailActionCellModel.swift */,
			);
			path = DetailActionCell;
			sourceTree = "<group>";
		};
		7ACB754829DCA916003ED4A0 /* Packages */ = {
			isa = PBXGroup;
			children = (
				7ACB754929DCA916003ED4A0 /* GraphicLB */,
			);
			name = Packages;
			sourceTree = "<group>";
		};
		7ACB754A29DCAA61003ED4A0 /* Frameworks */ = {
			isa = PBXGroup;
			children = (
			);
			name = Frameworks;
			sourceTree = "<group>";
		};
		9BE52AC0220D8BC700C00732 = {
			isa = PBXGroup;
			children = (
				7ACB754829DCA916003ED4A0 /* Packages */,
				9BE52ACB220D8BC700C00732 /* GraphicMotionApplication */,
				9BE52ACA220D8BC700C00732 /* Products */,
				7ACB754A29DCAA61003ED4A0 /* Frameworks */,
			);
			sourceTree = "<group>";
		};
		9BE52ACA220D8BC700C00732 /* Products */ = {
			isa = PBXGroup;
			children = (
				9BE52AC9220D8BC700C00732 /* GraphicMotionApplication.app */,
			);
			name = Products;
			sourceTree = "<group>";
		};
		9BE52ACB220D8BC700C00732 /* GraphicMotionApplication */ = {
			isa = PBXGroup;
			children = (
				9BE52ADE220D909500C00732 /* custom */,
				9BE52AD8220D8BC900C00732 /* Info.plist */,
			);
			path = GraphicMotionApplication;
			sourceTree = "<group>";
		};
		9BE52ADE220D909500C00732 /* custom */ = {
			isa = PBXGroup;
			children = (
				ED54C21727B585CC002C4F1F /* UI */,
				ED54C21627B585AA002C4F1F /* app */,
				ED54C21527B58597002C4F1F /* util */,
			);
			path = custom;
			sourceTree = "<group>";
		};
		ED54C21527B58597002C4F1F /* util */ = {
			isa = PBXGroup;
			children = (
				ED54C21027B57CFC002C4F1F /* AudioHelper.swift */,
				7A6489CB29F05FB000868438 /* RandomUpdater.swift */,
			);
			path = util;
			sourceTree = "<group>";
		};
		ED54C21627B585AA002C4F1F /* app */ = {
			isa = PBXGroup;
			children = (
				9BE52AD3220D8BC900C00732 /* Assets.xcassets */,
				9BE52AD0220D8BC700C00732 /* Main.storyboard */,
				9BE52AD5220D8BC900C00732 /* LaunchScreen.storyboard */,
				9BE52ACC220D8BC700C00732 /* AppDelegate.swift */,
			);
			path = app;
			sourceTree = "<group>";
		};
		ED54C21727B585CC002C4F1F /* UI */ = {
			isa = PBXGroup;
			children = (
				7A6489A029F012B900868438 /* initial */,
				9BE52ACE220D8BC700C00732 /* ViewController.swift */,
				7A64898D29F010DB00868438 /* detail */,
				7A64898C29F010D400868438 /* main */,
			);
			path = UI;
			sourceTree = "<group>";
		};
/* End PBXGroup section */

/* Begin PBXNativeTarget section */
		9BE52AC8220D8BC700C00732 /* GraphicMotionApplication */ = {
			isa = PBXNativeTarget;
			buildConfigurationList = 9BE52ADB220D8BC900C00732 /* Build configuration list for PBXNativeTarget "GraphicMotionApplication" */;
			buildPhases = (
				9BE52AC5220D8BC700C00732 /* Sources */,
				9BE52AC6220D8BC700C00732 /* Frameworks */,
				9BE52AC7220D8BC700C00732 /* Resources */,
			);
			buildRules = (
			);
			dependencies = (
			);
			name = GraphicMotionApplication;
			packageProductDependencies = (
				7AEB490029DCC1940094FF68 /* GraphicLB */,
			);
			productName = GraphicMotionApplication;
			productReference = 9BE52AC9220D8BC700C00732 /* GraphicMotionApplication.app */;
			productType = "com.apple.product-type.application";
		};
/* End PBXNativeTarget section */

/* Begin PBXProject section */
		9BE52AC1220D8BC700C00732 /* Project object */ = {
			isa = PBXProject;
			attributes = {
				LastSwiftUpdateCheck = 1010;
				LastUpgradeCheck = 1320;
				ORGANIZATIONNAME = ipinguin_linuxoid;
				TargetAttributes = {
					9BE52AC8220D8BC700C00732 = {
						CreatedOnToolsVersion = 10.1;
						LastSwiftMigration = 1320;
					};
				};
			};
			buildConfigurationList = 9BE52AC4220D8BC700C00732 /* Build configuration list for PBXProject "GraphicMotionApplication" */;
			compatibilityVersion = "Xcode 9.3";
			developmentRegion = en;
			hasScannedForEncodings = 0;
			knownRegions = (
				en,
				Base,
			);
			mainGroup = 9BE52AC0220D8BC700C00732;
			packageReferences = (
				7AEB48FF29DCC1940094FF68 /* XCRemoteSwiftPackageReference "GraphicLB" */,
			);
			productRefGroup = 9BE52ACA220D8BC700C00732 /* Products */;
			projectDirPath = "";
			projectRoot = "";
			targets = (
				9BE52AC8220D8BC700C00732 /* GraphicMotionApplication */,
			);
		};
/* End PBXProject section */

/* Begin PBXResourcesBuildPhase section */
		9BE52AC7220D8BC700C00732 /* Resources */ = {
			isa = PBXResourcesBuildPhase;
			buildActionMask = 2147483647;
			files = (
				7A64899A29F0119300868438 /* DetailController.xib in Resources */,
				9BE52AD7220D8BC900C00732 /* LaunchScreen.storyboard in Resources */,
				7A64899629F0116700868438 /* MainViewCell.xib in Resources */,
				7A64899129F0113700868438 /* MainController.xib in Resources */,
				7A6489A429F012D400868438 /* InitialViewController.xib in Resources */,
				7A6489BC29F0208100868438 /* DetailActionCell.xib in Resources */,
				9BE52AD4220D8BC900C00732 /* Assets.xcassets in Resources */,
				7A6489AD29F0202200868438 /* DetailViewCell.xib in Resources */,
				9BE52AD2220D8BC700C00732 /* Main.storyboard in Resources */,
				7A6489B729F0205B00868438 /* DetailDescriptionCell.xib in Resources */,
			);
			runOnlyForDeploymentPostprocessing = 0;
		};
/* End PBXResourcesBuildPhase section */

/* Begin PBXSourcesBuildPhase section */
		9BE52AC5220D8BC700C00732 /* Sources */ = {
			isa = PBXSourcesBuildPhase;
			buildActionMask = 2147483647;
			files = (
				ED54C21127B57CFC002C4F1F /* AudioHelper.swift in Sources */,
				7A6489A329F012D400868438 /* InitialViewController.swift in Sources */,
				7A6489BB29F0208100868438 /* DetailActionCell.swift in Sources */,
				7A6489C829F02F9E00868438 /* DetailViewCellModel.swift in Sources */,
				7A6489C029F0215D00868438 /* DetailDataSource.swift in Sources */,
				7A64899029F0113700868438 /* MainController.swift in Sources */,
				9BE52ACF220D8BC700C00732 /* ViewController.swift in Sources */,
				7A6489C629F0280600868438 /* MainPresenter.swift in Sources */,
				7A6489A829F016FE00868438 /* MainCellModel.swift in Sources */,
				7A6489C429F025F700868438 /* DetailDescriptionCellModel.swift in Sources */,
				7A64899529F0116700868438 /* MainViewCell.swift in Sources */,
				7A6489CA29F0487E00868438 /* DetailActionCellModel.swift in Sources */,
				7A6489CC29F05FB000868438 /* RandomUpdater.swift in Sources */,
				9BE52ACD220D8BC700C00732 /* AppDelegate.swift in Sources */,
				7A64899929F0119300868438 /* DetailController.swift in Sources */,
				7A6489A629F016B000868438 /* MainDataSource.swift in Sources */,
				7A6489AC29F0202200868438 /* DetailViewCell.swift in Sources */,
				7A6489B629F0205B00868438 /* DetailDescriptionCell.swift in Sources */,
				7A6489BE29F020A200868438 /* DetailPresenter.swift in Sources */,
			);
			runOnlyForDeploymentPostprocessing = 0;
		};
/* End PBXSourcesBuildPhase section */

/* Begin PBXVariantGroup section */
		9BE52AD0220D8BC700C00732 /* Main.storyboard */ = {
			isa = PBXVariantGroup;
			children = (
				9BE52AD1220D8BC700C00732 /* Base */,
			);
			name = Main.storyboard;
			sourceTree = "<group>";
		};
		9BE52AD5220D8BC900C00732 /* LaunchScreen.storyboard */ = {
			isa = PBXVariantGroup;
			children = (
				9BE52AD6220D8BC900C00732 /* Base */,
			);
			name = LaunchScreen.storyboard;
			sourceTree = "<group>";
		};
/* End PBXVariantGroup section */

/* Begin XCBuildConfiguration section */
		9BE52AD9220D8BC900C00732 /* Debug */ = {
			isa = XCBuildConfiguration;
			buildSettings = {
				ALWAYS_SEARCH_USER_PATHS = NO;
				CLANG_ANALYZER_NONNULL = YES;
				CLANG_ANALYZER_NUMBER_OBJECT_CONVERSION = YES_AGGRESSIVE;
				CLANG_CXX_LANGUAGE_STANDARD = "gnu++14";
				CLANG_CXX_LIBRARY = "libc++";
				CLANG_ENABLE_MODULES = YES;
				CLANG_ENABLE_OBJC_ARC = YES;
				CLANG_ENABLE_OBJC_WEAK = YES;
				CLANG_WARN_BLOCK_CAPTURE_AUTORELEASING = YES;
				CLANG_WARN_BOOL_CONVERSION = YES;
				CLANG_WARN_COMMA = YES;
				CLANG_WARN_CONSTANT_CONVERSION = YES;
				CLANG_WARN_DEPRECATED_OBJC_IMPLEMENTATIONS = YES;
				CLANG_WARN_DIRECT_OBJC_ISA_USAGE = YES_ERROR;
				CLANG_WARN_DOCUMENTATION_COMMENTS = YES;
				CLANG_WARN_EMPTY_BODY = YES;
				CLANG_WARN_ENUM_CONVERSION = YES;
				CLANG_WARN_INFINITE_RECURSION = YES;
				CLANG_WARN_INT_CONVERSION = YES;
				CLANG_WARN_NON_LITERAL_NULL_CONVERSION = YES;
				CLANG_WARN_OBJC_IMPLICIT_RETAIN_SELF = YES;
				CLANG_WARN_OBJC_LITERAL_CONVERSION = YES;
				CLANG_WARN_OBJC_ROOT_CLASS = YES_ERROR;
				CLANG_WARN_QUOTED_INCLUDE_IN_FRAMEWORK_HEADER = YES;
				CLANG_WARN_RANGE_LOOP_ANALYSIS = YES;
				CLANG_WARN_STRICT_PROTOTYPES = YES;
				CLANG_WARN_SUSPICIOUS_MOVE = YES;
				CLANG_WARN_UNGUARDED_AVAILABILITY = YES_AGGRESSIVE;
				CLANG_WARN_UNREACHABLE_CODE = YES;
				CLANG_WARN__DUPLICATE_METHOD_MATCH = YES;
				CODE_SIGN_IDENTITY = "iPhone Developer";
				COPY_PHASE_STRIP = NO;
				DEBUG_INFORMATION_FORMAT = dwarf;
				ENABLE_STRICT_OBJC_MSGSEND = YES;
				ENABLE_TESTABILITY = YES;
				GCC_C_LANGUAGE_STANDARD = gnu11;
				GCC_DYNAMIC_NO_PIC = NO;
				GCC_NO_COMMON_BLOCKS = YES;
				GCC_OPTIMIZATION_LEVEL = 0;
				GCC_PREPROCESSOR_DEFINITIONS = (
					"DEBUG=1",
					"$(inherited)",
				);
				GCC_WARN_64_TO_32_BIT_CONVERSION = YES;
				GCC_WARN_ABOUT_RETURN_TYPE = YES_ERROR;
				GCC_WARN_UNDECLARED_SELECTOR = YES;
				GCC_WARN_UNINITIALIZED_AUTOS = YES_AGGRESSIVE;
				GCC_WARN_UNUSED_FUNCTION = YES;
				GCC_WARN_UNUSED_VARIABLE = YES;
				IPHONEOS_DEPLOYMENT_TARGET = 12.1;
				MTL_ENABLE_DEBUG_INFO = INCLUDE_SOURCE;
				MTL_FAST_MATH = YES;
				ONLY_ACTIVE_ARCH = YES;
				SDKROOT = iphoneos;
				SWIFT_ACTIVE_COMPILATION_CONDITIONS = DEBUG;
				SWIFT_OPTIMIZATION_LEVEL = "-Onone";
			};
			name = Debug;
		};
		9BE52ADA220D8BC900C00732 /* Release */ = {
			isa = XCBuildConfiguration;
			buildSettings = {
				ALWAYS_SEARCH_USER_PATHS = NO;
				CLANG_ANALYZER_NONNULL = YES;
				CLANG_ANALYZER_NUMBER_OBJECT_CONVERSION = YES_AGGRESSIVE;
				CLANG_CXX_LANGUAGE_STANDARD = "gnu++14";
				CLANG_CXX_LIBRARY = "libc++";
				CLANG_ENABLE_MODULES = YES;
				CLANG_ENABLE_OBJC_ARC = YES;
				CLANG_ENABLE_OBJC_WEAK = YES;
				CLANG_WARN_BLOCK_CAPTURE_AUTORELEASING = YES;
				CLANG_WARN_BOOL_CONVERSION = YES;
				CLANG_WARN_COMMA = YES;
				CLANG_WARN_CONSTANT_CONVERSION = YES;
				CLANG_WARN_DEPRECATED_OBJC_IMPLEMENTATIONS = YES;
				CLANG_WARN_DIRECT_OBJC_ISA_USAGE = YES_ERROR;
				CLANG_WARN_DOCUMENTATION_COMMENTS = YES;
				CLANG_WARN_EMPTY_BODY = YES;
				CLANG_WARN_ENUM_CONVERSION = YES;
				CLANG_WARN_INFINITE_RECURSION = YES;
				CLANG_WARN_INT_CONVERSION = YES;
				CLANG_WARN_NON_LITERAL_NULL_CONVERSION = YES;
				CLANG_WARN_OBJC_IMPLICIT_RETAIN_SELF = YES;
				CLANG_WARN_OBJC_LITERAL_CONVERSION = YES;
				CLANG_WARN_OBJC_ROOT_CLASS = YES_ERROR;
				CLANG_WARN_QUOTED_INCLUDE_IN_FRAMEWORK_HEADER = YES;
				CLANG_WARN_RANGE_LOOP_ANALYSIS = YES;
				CLANG_WARN_STRICT_PROTOTYPES = YES;
				CLANG_WARN_SUSPICIOUS_MOVE = YES;
				CLANG_WARN_UNGUARDED_AVAILABILITY = YES_AGGRESSIVE;
				CLANG_WARN_UNREACHABLE_CODE = YES;
				CLANG_WARN__DUPLICATE_METHOD_MATCH = YES;
				CODE_SIGN_IDENTITY = "iPhone Developer";
				COPY_PHASE_STRIP = NO;
				DEBUG_INFORMATION_FORMAT = "dwarf-with-dsym";
				ENABLE_NS_ASSERTIONS = NO;
				ENABLE_STRICT_OBJC_MSGSEND = YES;
				GCC_C_LANGUAGE_STANDARD = gnu11;
				GCC_NO_COMMON_BLOCKS = YES;
				GCC_WARN_64_TO_32_BIT_CONVERSION = YES;
				GCC_WARN_ABOUT_RETURN_TYPE = YES_ERROR;
				GCC_WARN_UNDECLARED_SELECTOR = YES;
				GCC_WARN_UNINITIALIZED_AUTOS = YES_AGGRESSIVE;
				GCC_WARN_UNUSED_FUNCTION = YES;
				GCC_WARN_UNUSED_VARIABLE = YES;
				IPHONEOS_DEPLOYMENT_TARGET = 12.1;
				MTL_ENABLE_DEBUG_INFO = NO;
				MTL_FAST_MATH = YES;
				SDKROOT = iphoneos;
				SWIFT_COMPILATION_MODE = wholemodule;
				SWIFT_OPTIMIZATION_LEVEL = "-O";
				VALIDATE_PRODUCT = YES;
			};
			name = Release;
		};
		9BE52ADC220D8BC900C00732 /* Debug */ = {
			isa = XCBuildConfiguration;
			buildSettings = {
				ASSETCATALOG_COMPILER_APPICON_NAME = AppIcon;
				CODE_SIGN_STYLE = Automatic;
				DEVELOPMENT_TEAM = 5M2X2PH6A7;
				INFOPLIST_FILE = GraphicMotionApplication/Info.plist;
				IPHONEOS_DEPLOYMENT_TARGET = 15.0;
				LD_RUNPATH_SEARCH_PATHS = (
					"$(inherited)",
					"@executable_path/Frameworks",
				);
				PRODUCT_BUNDLE_IDENTIFIER = "com.ipinguin-linuxoid.GraphicMotionApplication";
				PRODUCT_NAME = "$(TARGET_NAME)";
				SWIFT_VERSION = 5.0;
				TARGETED_DEVICE_FAMILY = "1,2";
			};
			name = Debug;
		};
		9BE52ADD220D8BC900C00732 /* Release */ = {
			isa = XCBuildConfiguration;
			buildSettings = {
				ASSETCATALOG_COMPILER_APPICON_NAME = AppIcon;
				CODE_SIGN_STYLE = Automatic;
				DEVELOPMENT_TEAM = 5M2X2PH6A7;
				INFOPLIST_FILE = GraphicMotionApplication/Info.plist;
				IPHONEOS_DEPLOYMENT_TARGET = 15.0;
				LD_RUNPATH_SEARCH_PATHS = (
					"$(inherited)",
					"@executable_path/Frameworks",
				);
				PRODUCT_BUNDLE_IDENTIFIER = "com.ipinguin-linuxoid.GraphicMotionApplication";
				PRODUCT_NAME = "$(TARGET_NAME)";
				SWIFT_VERSION = 5.0;
				TARGETED_DEVICE_FAMILY = "1,2";
			};
			name = Release;
		};
/* End XCBuildConfiguration section */

/* Begin XCConfigurationList section */
		9BE52AC4220D8BC700C00732 /* Build configuration list for PBXProject "GraphicMotionApplication" */ = {
			isa = XCConfigurationList;
			buildConfigurations = (
				9BE52AD9220D8BC900C00732 /* Debug */,
				9BE52ADA220D8BC900C00732 /* Release */,
			);
			defaultConfigurationIsVisible = 0;
			defaultConfigurationName = Release;
		};
		9BE52ADB220D8BC900C00732 /* Build configuration list for PBXNativeTarget "GraphicMotionApplication" */ = {
			isa = XCConfigurationList;
			buildConfigurations = (
				9BE52ADC220D8BC900C00732 /* Debug */,
				9BE52ADD220D8BC900C00732 /* Release */,
			);
			defaultConfigurationIsVisible = 0;
			defaultConfigurationName = Release;
		};
/* End XCConfigurationList section */

/* Begin XCRemoteSwiftPackageReference section */
		7AEB48FF29DCC1940094FF68 /* XCRemoteSwiftPackageReference "GraphicLB" */ = {
			isa = XCRemoteSwiftPackageReference;
			repositoryURL = "https://github.com/Icar05/GraphicLB.git";
			requirement = {
				branch = main;
				kind = branch;
			};
		};
/* End XCRemoteSwiftPackageReference section */

/* Begin XCSwiftPackageProductDependency section */
		7AEB490029DCC1940094FF68 /* GraphicLB */ = {
			isa = XCSwiftPackageProductDependency;
			package = 7AEB48FF29DCC1940094FF68 /* XCRemoteSwiftPackageReference "GraphicLB" */;
			productName = GraphicLB;
		};
/* End XCSwiftPackageProductDependency section */
	};
	rootObject = 9BE52AC1220D8BC700C00732 /* Project object */;
}
