// !$*UTF8*$!
{
	archiveVersion = 1;
	classes = {
	};
	objectVersion = 50;
	objects = {

/* Begin PBXBuildFile section */
		1A116BC8220FB8A800B01F0B /* DataProvider.swift in Sources */ = {isa = PBXBuildFile; fileRef = 1A116BC7220FB8A800B01F0B /* DataProvider.swift */; };
		1A8501C4221203D7005A781B /* UITest.swift in Sources */ = {isa = PBXBuildFile; fileRef = 1A8501C3221203D7005A781B /* UITest.swift */; };
		6DD0EAA2C0FF5716862FF7EF /* Pods_GraphicMotionApplication.framework in Frameworks */ = {isa = PBXBuildFile; fileRef = B295C5615E1C1F1C3399913F /* Pods_GraphicMotionApplication.framework */; };
		9BE52ACD220D8BC700C00732 /* AppDelegate.swift in Sources */ = {isa = PBXBuildFile; fileRef = 9BE52ACC220D8BC700C00732 /* AppDelegate.swift */; };
		9BE52ACF220D8BC700C00732 /* ViewController.swift in Sources */ = {isa = PBXBuildFile; fileRef = 9BE52ACE220D8BC700C00732 /* ViewController.swift */; };
		9BE52AD2220D8BC700C00732 /* Main.storyboard in Resources */ = {isa = PBXBuildFile; fileRef = 9BE52AD0220D8BC700C00732 /* Main.storyboard */; };
		9BE52AD4220D8BC900C00732 /* Assets.xcassets in Resources */ = {isa = PBXBuildFile; fileRef = 9BE52AD3220D8BC900C00732 /* Assets.xcassets */; };
		9BE52AD7220D8BC900C00732 /* LaunchScreen.storyboard in Resources */ = {isa = PBXBuildFile; fileRef = 9BE52AD5220D8BC900C00732 /* LaunchScreen.storyboard */; };
		9BE52AE0220D90F200C00732 /* UIGraphicView.swift in Sources */ = {isa = PBXBuildFile; fileRef = 9BE52ADF220D90F200C00732 /* UIGraphicView.swift */; };
/* End PBXBuildFile section */

/* Begin PBXFileReference section */
		1A116BC7220FB8A800B01F0B /* DataProvider.swift */ = {isa = PBXFileReference; lastKnownFileType = sourcecode.swift; path = DataProvider.swift; sourceTree = "<group>"; };
		1A8501C3221203D7005A781B /* UITest.swift */ = {isa = PBXFileReference; lastKnownFileType = sourcecode.swift; path = UITest.swift; sourceTree = "<group>"; };
		6310553E85847243228C565A /* Pods-GraphicMotionApplication.debug.xcconfig */ = {isa = PBXFileReference; includeInIndex = 1; lastKnownFileType = text.xcconfig; name = "Pods-GraphicMotionApplication.debug.xcconfig"; path = "Pods/Target Support Files/Pods-GraphicMotionApplication/Pods-GraphicMotionApplication.debug.xcconfig"; sourceTree = "<group>"; };
		9BE52AC9220D8BC700C00732 /* GraphicMotionApplication.app */ = {isa = PBXFileReference; explicitFileType = wrapper.application; includeInIndex = 0; path = GraphicMotionApplication.app; sourceTree = BUILT_PRODUCTS_DIR; };
		9BE52ACC220D8BC700C00732 /* AppDelegate.swift */ = {isa = PBXFileReference; lastKnownFileType = sourcecode.swift; path = AppDelegate.swift; sourceTree = "<group>"; };
		9BE52ACE220D8BC700C00732 /* ViewController.swift */ = {isa = PBXFileReference; lastKnownFileType = sourcecode.swift; path = ViewController.swift; sourceTree = "<group>"; };
		9BE52AD1220D8BC700C00732 /* Base */ = {isa = PBXFileReference; lastKnownFileType = file.storyboard; name = Base; path = Base.lproj/Main.storyboard; sourceTree = "<group>"; };
		9BE52AD3220D8BC900C00732 /* Assets.xcassets */ = {isa = PBXFileReference; lastKnownFileType = folder.assetcatalog; path = Assets.xcassets; sourceTree = "<group>"; };
		9BE52AD6220D8BC900C00732 /* Base */ = {isa = PBXFileReference; lastKnownFileType = file.storyboard; name = Base; path = Base.lproj/LaunchScreen.storyboard; sourceTree = "<group>"; };
		9BE52AD8220D8BC900C00732 /* Info.plist */ = {isa = PBXFileReference; lastKnownFileType = text.plist.xml; path = Info.plist; sourceTree = "<group>"; };
		9BE52ADF220D90F200C00732 /* UIGraphicView.swift */ = {isa = PBXFileReference; lastKnownFileType = sourcecode.swift; path = UIGraphicView.swift; sourceTree = "<group>"; };
		AEF288F3C335DCA58142E4DC /* Pods-GraphicMotionApplication.release.xcconfig */ = {isa = PBXFileReference; includeInIndex = 1; lastKnownFileType = text.xcconfig; name = "Pods-GraphicMotionApplication.release.xcconfig"; path = "Pods/Target Support Files/Pods-GraphicMotionApplication/Pods-GraphicMotionApplication.release.xcconfig"; sourceTree = "<group>"; };
		B295C5615E1C1F1C3399913F /* Pods_GraphicMotionApplication.framework */ = {isa = PBXFileReference; explicitFileType = wrapper.framework; includeInIndex = 0; path = Pods_GraphicMotionApplication.framework; sourceTree = BUILT_PRODUCTS_DIR; };
/* End PBXFileReference section */

/* Begin PBXFrameworksBuildPhase section */
		9BE52AC6220D8BC700C00732 /* Frameworks */ = {
			isa = PBXFrameworksBuildPhase;
			buildActionMask = 2147483647;
			files = (
				6DD0EAA2C0FF5716862FF7EF /* Pods_GraphicMotionApplication.framework in Frameworks */,
			);
			runOnlyForDeploymentPostprocessing = 0;
		};
/* End PBXFrameworksBuildPhase section */

/* Begin PBXGroup section */
		9BE52AC0220D8BC700C00732 = {
			isa = PBXGroup;
			children = (
				9BE52ACB220D8BC700C00732 /* GraphicMotionApplication */,
				9BE52ACA220D8BC700C00732 /* Products */,
				F5B258179C0BED3DE02A9CEB /* Pods */,
				B04F76288F626DF0FD201DB8 /* Frameworks */,
			);
			sourceTree = "<group>";
		};
		9BE52ACA220D8BC700C00732 /* Products */ = {
			isa = PBXGroup;
			children = (
				9BE52AC9220D8BC700C00732 /* GraphicMotionApplication.app */,
			);
			name = Products;
			sourceTree = "<group>";
		};
		9BE52ACB220D8BC700C00732 /* GraphicMotionApplication */ = {
			isa = PBXGroup;
			children = (
				9BE52ADE220D909500C00732 /* custom */,
				9BE52ACC220D8BC700C00732 /* AppDelegate.swift */,
				9BE52ACE220D8BC700C00732 /* ViewController.swift */,
				9BE52AD0220D8BC700C00732 /* Main.storyboard */,
				9BE52AD3220D8BC900C00732 /* Assets.xcassets */,
				9BE52AD5220D8BC900C00732 /* LaunchScreen.storyboard */,
				9BE52AD8220D8BC900C00732 /* Info.plist */,
				1A116BC7220FB8A800B01F0B /* DataProvider.swift */,
			);
			path = GraphicMotionApplication;
			sourceTree = "<group>";
		};
		9BE52ADE220D909500C00732 /* custom */ = {
			isa = PBXGroup;
			children = (
				9BE52ADF220D90F200C00732 /* UIGraphicView.swift */,
				1A8501C3221203D7005A781B /* UITest.swift */,
			);
			path = custom;
			sourceTree = "<group>";
		};
		B04F76288F626DF0FD201DB8 /* Frameworks */ = {
			isa = PBXGroup;
			children = (
				B295C5615E1C1F1C3399913F /* Pods_GraphicMotionApplication.framework */,
			);
			name = Frameworks;
			sourceTree = "<group>";
		};
		F5B258179C0BED3DE02A9CEB /* Pods */ = {
			isa = PBXGroup;
			children = (
				6310553E85847243228C565A /* Pods-GraphicMotionApplication.debug.xcconfig */,
				AEF288F3C335DCA58142E4DC /* Pods-GraphicMotionApplication.release.xcconfig */,
			);
			name = Pods;
			sourceTree = "<group>";
		};
/* End PBXGroup section */

/* Begin PBXNativeTarget section */
		9BE52AC8220D8BC700C00732 /* GraphicMotionApplication */ = {
			isa = PBXNativeTarget;
			buildConfigurationList = 9BE52ADB220D8BC900C00732 /* Build configuration list for PBXNativeTarget "GraphicMotionApplication" */;
			buildPhases = (
				FDCF420BDE938DF267E3174D /* [CP] Check Pods Manifest.lock */,
				9BE52AC5220D8BC700C00732 /* Sources */,
				9BE52AC6220D8BC700C00732 /* Frameworks */,
				9BE52AC7220D8BC700C00732 /* Resources */,
				C0ED1E8AF53A28D30FFA903F /* [CP] Embed Pods Frameworks */,
			);
			buildRules = (
			);
			dependencies = (
			);
			name = GraphicMotionApplication;
			productName = GraphicMotionApplication;
			productReference = 9BE52AC9220D8BC700C00732 /* GraphicMotionApplication.app */;
			productType = "com.apple.product-type.application";
		};
/* End PBXNativeTarget section */

/* Begin PBXProject section */
		9BE52AC1220D8BC700C00732 /* Project object */ = {
			isa = PBXProject;
			attributes = {
				LastSwiftUpdateCheck = 1010;
				LastUpgradeCheck = 1010;
				ORGANIZATIONNAME = ipinguin_linuxoid;
				TargetAttributes = {
					9BE52AC8220D8BC700C00732 = {
						CreatedOnToolsVersion = 10.1;
					};
				};
			};
			buildConfigurationList = 9BE52AC4220D8BC700C00732 /* Build configuration list for PBXProject "GraphicMotionApplication" */;
			compatibilityVersion = "Xcode 9.3";
			developmentRegion = en;
			hasScannedForEncodings = 0;
			knownRegions = (
				en,
				Base,
			);
			mainGroup = 9BE52AC0220D8BC700C00732;
			productRefGroup = 9BE52ACA220D8BC700C00732 /* Products */;
			projectDirPath = "";
			projectRoot = "";
			targets = (
				9BE52AC8220D8BC700C00732 /* GraphicMotionApplication */,
			);
		};
/* End PBXProject section */

/* Begin PBXResourcesBuildPhase section */
		9BE52AC7220D8BC700C00732 /* Resources */ = {
			isa = PBXResourcesBuildPhase;
			buildActionMask = 2147483647;
			files = (
				9BE52AD7220D8BC900C00732 /* LaunchScreen.storyboard in Resources */,
				9BE52AD4220D8BC900C00732 /* Assets.xcassets in Resources */,
				9BE52AD2220D8BC700C00732 /* Main.storyboard in Resources */,
			);
			runOnlyForDeploymentPostprocessing = 0;
		};
/* End PBXResourcesBuildPhase section */

/* Begin PBXShellScriptBuildPhase section */
		C0ED1E8AF53A28D30FFA903F /* [CP] Embed Pods Frameworks */ = {
			isa = PBXShellScriptBuildPhase;
			buildActionMask = 2147483647;
			files = (
			);
			inputFileListPaths = (
			);
			inputPaths = (
				"${SRCROOT}/Pods/Target Support Files/Pods-GraphicMotionApplication/Pods-GraphicMotionApplication-frameworks.sh",
				"${BUILT_PRODUCTS_DIR}/RxAtomic/RxAtomic.framework",
				"${BUILT_PRODUCTS_DIR}/RxCocoa/RxCocoa.framework",
				"${BUILT_PRODUCTS_DIR}/RxSwift/RxSwift.framework",
			);
			name = "[CP] Embed Pods Frameworks";
			outputFileListPaths = (
			);
			outputPaths = (
				"${TARGET_BUILD_DIR}/${FRAMEWORKS_FOLDER_PATH}/RxAtomic.framework",
				"${TARGET_BUILD_DIR}/${FRAMEWORKS_FOLDER_PATH}/RxCocoa.framework",
				"${TARGET_BUILD_DIR}/${FRAMEWORKS_FOLDER_PATH}/RxSwift.framework",
			);
			runOnlyForDeploymentPostprocessing = 0;
			shellPath = /bin/sh;
			shellScript = "\"${SRCROOT}/Pods/Target Support Files/Pods-GraphicMotionApplication/Pods-GraphicMotionApplication-frameworks.sh\"\n";
			showEnvVarsInLog = 0;
		};
		FDCF420BDE938DF267E3174D /* [CP] Check Pods Manifest.lock */ = {
			isa = PBXShellScriptBuildPhase;
			buildActionMask = 2147483647;
			files = (
			);
			inputFileListPaths = (
			);
			inputPaths = (
				"${PODS_PODFILE_DIR_PATH}/Podfile.lock",
				"${PODS_ROOT}/Manifest.lock",
			);
			name = "[CP] Check Pods Manifest.lock";
			outputFileListPaths = (
			);
			outputPaths = (
				"$(DERIVED_FILE_DIR)/Pods-GraphicMotionApplication-checkManifestLockResult.txt",
			);
			runOnlyForDeploymentPostprocessing = 0;
			shellPath = /bin/sh;
			shellScript = "diff \"${PODS_PODFILE_DIR_PATH}/Podfile.lock\" \"${PODS_ROOT}/Manifest.lock\" > /dev/null\nif [ $? != 0 ] ; then\n    # print error to STDERR\n    echo \"error: The sandbox is not in sync with the Podfile.lock. Run 'pod install' or update your CocoaPods installation.\" >&2\n    exit 1\nfi\n# This output is used by Xcode 'outputs' to avoid re-running this script phase.\necho \"SUCCESS\" > \"${SCRIPT_OUTPUT_FILE_0}\"\n";
			showEnvVarsInLog = 0;
		};
/* End PBXShellScriptBuildPhase section */

/* Begin PBXSourcesBuildPhase section */
		9BE52AC5220D8BC700C00732 /* Sources */ = {
			isa = PBXSourcesBuildPhase;
			buildActionMask = 2147483647;
			files = (
				9BE52ACF220D8BC700C00732 /* ViewController.swift in Sources */,
				1A8501C4221203D7005A781B /* UITest.swift in Sources */,
				9BE52AE0220D90F200C00732 /* UIGraphicView.swift in Sources */,
				1A116BC8220FB8A800B01F0B /* DataProvider.swift in Sources */,
				9BE52ACD220D8BC700C00732 /* AppDelegate.swift in Sources */,
			);
			runOnlyForDeploymentPostprocessing = 0;
		};
/* End PBXSourcesBuildPhase section */

/* Begin PBXVariantGroup section */
		9BE52AD0220D8BC700C00732 /* Main.storyboard */ = {
			isa = PBXVariantGroup;
			children = (
				9BE52AD1220D8BC700C00732 /* Base */,
			);
			name = Main.storyboard;
			sourceTree = "<group>";
		};
		9BE52AD5220D8BC900C00732 /* LaunchScreen.storyboard */ = {
			isa = PBXVariantGroup;
			children = (
				9BE52AD6220D8BC900C00732 /* Base */,
			);
			name = LaunchScreen.storyboard;
			sourceTree = "<group>";
		};
/* End PBXVariantGroup section */

/* Begin XCBuildConfiguration section */
		9BE52AD9220D8BC900C00732 /* Debug */ = {
			isa = XCBuildConfiguration;
			buildSettings = {
				ALWAYS_SEARCH_USER_PATHS = NO;
				CLANG_ANALYZER_NONNULL = YES;
				CLANG_ANALYZER_NUMBER_OBJECT_CONVERSION = YES_AGGRESSIVE;
				CLANG_CXX_LANGUAGE_STANDARD = "gnu++14";
				CLANG_CXX_LIBRARY = "libc++";
				CLANG_ENABLE_MODULES = YES;
				CLANG_ENABLE_OBJC_ARC = YES;
				CLANG_ENABLE_OBJC_WEAK = YES;
				CLANG_WARN_BLOCK_CAPTURE_AUTORELEASING = YES;
				CLANG_WARN_BOOL_CONVERSION = YES;
				CLANG_WARN_COMMA = YES;
				CLANG_WARN_CONSTANT_CONVERSION = YES;
				CLANG_WARN_DEPRECATED_OBJC_IMPLEMENTATIONS = YES;
				CLANG_WARN_DIRECT_OBJC_ISA_USAGE = YES_ERROR;
				CLANG_WARN_DOCUMENTATION_COMMENTS = YES;
				CLANG_WARN_EMPTY_BODY = YES;
				CLANG_WARN_ENUM_CONVERSION = YES;
				CLANG_WARN_INFINITE_RECURSION = YES;
				CLANG_WARN_INT_CONVERSION = YES;
				CLANG_WARN_NON_LITERAL_NULL_CONVERSION = YES;
				CLANG_WARN_OBJC_IMPLICIT_RETAIN_SELF = YES;
				CLANG_WARN_OBJC_LITERAL_CONVERSION = YES;
				CLANG_WARN_OBJC_ROOT_CLASS = YES_ERROR;
				CLANG_WARN_RANGE_LOOP_ANALYSIS = YES;
				CLANG_WARN_STRICT_PROTOTYPES = YES;
				CLANG_WARN_SUSPICIOUS_MOVE = YES;
				CLANG_WARN_UNGUARDED_AVAILABILITY = YES_AGGRESSIVE;
				CLANG_WARN_UNREACHABLE_CODE = YES;
				CLANG_WARN__DUPLICATE_METHOD_MATCH = YES;
				CODE_SIGN_IDENTITY = "iPhone Developer";
				COPY_PHASE_STRIP = NO;
				DEBUG_INFORMATION_FORMAT = dwarf;
				ENABLE_STRICT_OBJC_MSGSEND = YES;
				ENABLE_TESTABILITY = YES;
				GCC_C_LANGUAGE_STANDARD = gnu11;
				GCC_DYNAMIC_NO_PIC = NO;
				GCC_NO_COMMON_BLOCKS = YES;
				GCC_OPTIMIZATION_LEVEL = 0;
				GCC_PREPROCESSOR_DEFINITIONS = (
					"DEBUG=1",
					"$(inherited)",
				);
				GCC_WARN_64_TO_32_BIT_CONVERSION = YES;
				GCC_WARN_ABOUT_RETURN_TYPE = YES_ERROR;
				GCC_WARN_UNDECLARED_SELECTOR = YES;
				GCC_WARN_UNINITIALIZED_AUTOS = YES_AGGRESSIVE;
				GCC_WARN_UNUSED_FUNCTION = YES;
				GCC_WARN_UNUSED_VARIABLE = YES;
				IPHONEOS_DEPLOYMENT_TARGET = 12.1;
				MTL_ENABLE_DEBUG_INFO = INCLUDE_SOURCE;
				MTL_FAST_MATH = YES;
				ONLY_ACTIVE_ARCH = YES;
				SDKROOT = iphoneos;
				SWIFT_ACTIVE_COMPILATION_CONDITIONS = DEBUG;
				SWIFT_OPTIMIZATION_LEVEL = "-Onone";
			};
			name = Debug;
		};
		9BE52ADA220D8BC900C00732 /* Release */ = {
			isa = XCBuildConfiguration;
			buildSettings = {
				ALWAYS_SEARCH_USER_PATHS = NO;
				CLANG_ANALYZER_NONNULL = YES;
				CLANG_ANALYZER_NUMBER_OBJECT_CONVERSION = YES_AGGRESSIVE;
				CLANG_CXX_LANGUAGE_STANDARD = "gnu++14";
				CLANG_CXX_LIBRARY = "libc++";
				CLANG_ENABLE_MODULES = YES;
				CLANG_ENABLE_OBJC_ARC = YES;
				CLANG_ENABLE_OBJC_WEAK = YES;
				CLANG_WARN_BLOCK_CAPTURE_AUTORELEASING = YES;
				CLANG_WARN_BOOL_CONVERSION = YES;
				CLANG_WARN_COMMA = YES;
				CLANG_WARN_CONSTANT_CONVERSION = YES;
				CLANG_WARN_DEPRECATED_OBJC_IMPLEMENTATIONS = YES;
				CLANG_WARN_DIRECT_OBJC_ISA_USAGE = YES_ERROR;
				CLANG_WARN_DOCUMENTATION_COMMENTS = YES;
				CLANG_WARN_EMPTY_BODY = YES;
				CLANG_WARN_ENUM_CONVERSION = YES;
				CLANG_WARN_INFINITE_RECURSION = YES;
				CLANG_WARN_INT_CONVERSION = YES;
				CLANG_WARN_NON_LITERAL_NULL_CONVERSION = YES;
				CLANG_WARN_OBJC_IMPLICIT_RETAIN_SELF = YES;
				CLANG_WARN_OBJC_LITERAL_CONVERSION = YES;
				CLANG_WARN_OBJC_ROOT_CLASS = YES_ERROR;
				CLANG_WARN_RANGE_LOOP_ANALYSIS = YES;
				CLANG_WARN_STRICT_PROTOTYPES = YES;
				CLANG_WARN_SUSPICIOUS_MOVE = YES;
				CLANG_WARN_UNGUARDED_AVAILABILITY = YES_AGGRESSIVE;
				CLANG_WARN_UNREACHABLE_CODE = YES;
				CLANG_WARN__DUPLICATE_METHOD_MATCH = YES;
				CODE_SIGN_IDENTITY = "iPhone Developer";
				COPY_PHASE_STRIP = NO;
				DEBUG_INFORMATION_FORMAT = "dwarf-with-dsym";
				ENABLE_NS_ASSERTIONS = NO;
				ENABLE_STRICT_OBJC_MSGSEND = YES;
				GCC_C_LANGUAGE_STANDARD = gnu11;
				GCC_NO_COMMON_BLOCKS = YES;
				GCC_WARN_64_TO_32_BIT_CONVERSION = YES;
				GCC_WARN_ABOUT_RETURN_TYPE = YES_ERROR;
				GCC_WARN_UNDECLARED_SELECTOR = YES;
				GCC_WARN_UNINITIALIZED_AUTOS = YES_AGGRESSIVE;
				GCC_WARN_UNUSED_FUNCTION = YES;
				GCC_WARN_UNUSED_VARIABLE = YES;
				IPHONEOS_DEPLOYMENT_TARGET = 12.1;
				MTL_ENABLE_DEBUG_INFO = NO;
				MTL_FAST_MATH = YES;
				SDKROOT = iphoneos;
				SWIFT_COMPILATION_MODE = wholemodule;
				SWIFT_OPTIMIZATION_LEVEL = "-O";
				VALIDATE_PRODUCT = YES;
			};
			name = Release;
		};
		9BE52ADC220D8BC900C00732 /* Debug */ = {
			isa = XCBuildConfiguration;
			baseConfigurationReference = 6310553E85847243228C565A /* Pods-GraphicMotionApplication.debug.xcconfig */;
			buildSettings = {
				ASSETCATALOG_COMPILER_APPICON_NAME = AppIcon;
				CODE_SIGN_STYLE = Automatic;
				DEVELOPMENT_TEAM = 5M2X2PH6A7;
				INFOPLIST_FILE = GraphicMotionApplication/Info.plist;
				LD_RUNPATH_SEARCH_PATHS = (
					"$(inherited)",
					"@executable_path/Frameworks",
				);
				PRODUCT_BUNDLE_IDENTIFIER = "com.ipinguin-linuxoid.GraphicMotionApplication";
				PRODUCT_NAME = "$(TARGET_NAME)";
				SWIFT_VERSION = 4.2;
				TARGETED_DEVICE_FAMILY = "1,2";
			};
			name = Debug;
		};
		9BE52ADD220D8BC900C00732 /* Release */ = {
			isa = XCBuildConfiguration;
			baseConfigurationReference = AEF288F3C335DCA58142E4DC /* Pods-GraphicMotionApplication.release.xcconfig */;
			buildSettings = {
				ASSETCATALOG_COMPILER_APPICON_NAME = AppIcon;
				CODE_SIGN_STYLE = Automatic;
				DEVELOPMENT_TEAM = 5M2X2PH6A7;
				INFOPLIST_FILE = GraphicMotionApplication/Info.plist;
				LD_RUNPATH_SEARCH_PATHS = (
					"$(inherited)",
					"@executable_path/Frameworks",
				);
				PRODUCT_BUNDLE_IDENTIFIER = "com.ipinguin-linuxoid.GraphicMotionApplication";
				PRODUCT_NAME = "$(TARGET_NAME)";
				SWIFT_VERSION = 4.2;
				TARGETED_DEVICE_FAMILY = "1,2";
			};
			name = Release;
		};
/* End XCBuildConfiguration section */

/* Begin XCConfigurationList section */
		9BE52AC4220D8BC700C00732 /* Build configuration list for PBXProject "GraphicMotionApplication" */ = {
			isa = XCConfigurationList;
			buildConfigurations = (
				9BE52AD9220D8BC900C00732 /* Debug */,
				9BE52ADA220D8BC900C00732 /* Release */,
			);
			defaultConfigurationIsVisible = 0;
			defaultConfigurationName = Release;
		};
		9BE52ADB220D8BC900C00732 /* Build configuration list for PBXNativeTarget "GraphicMotionApplication" */ = {
			isa = XCConfigurationList;
			buildConfigurations = (
				9BE52ADC220D8BC900C00732 /* Debug */,
				9BE52ADD220D8BC900C00732 /* Release */,
			);
			defaultConfigurationIsVisible = 0;
			defaultConfigurationName = Release;
		};
/* End XCConfigurationList section */
	};
	rootObject = 9BE52AC1220D8BC700C00732 /* Project object */;
}
